
Microsoft Visual Studio Solution File, Format Version 12.00
# Visual Studio 15
VisualStudioVersion = 15.0.27428.2015
MinimumVisualStudioVersion = 10.0.40219.1
Project("{2150E333-8FDC-42A3-9474-1A3956D46DE8}") = "ConsoleApp", "ConsoleApp", "{DE6A34A0-2AD3-4C71-B5D4-A45393388697}"
EndProject
Project("{FAE04EC0-301F-11D3-BF4B-00C04F79EFBC}") = "AppProject", "ConsoleApp\AppProject\AppProject.csproj", "{4E4DAFB7-E2C4-4938-8FB2-93446C8C638C}"
EndProject
Global
	GlobalSection(SolutionConfigurationPlatforms) = preSolution
		Debug|Any CPU = Debug|Any CPU
		Release|Any CPU = Release|Any CPU
	EndGlobalSection
	GlobalSection(ProjectConfigurationPlatforms) = postSolution
		{4E4DAFB7-E2C4-4938-8FB2-93446C8C638C}.Debug|Any CPU.ActiveCfg = Debug|Any CPU
		{4E4DAFB7-E2C4-4938-8FB2-93446C8C638C}.Debug|Any CPU.Build.0 = Debug|Any CPU
		{4E4DAFB7-E2C4-4938-8FB2-93446C8C638C}.Release|Any CPU.ActiveCfg = Release|Any CPU
		{4E4DAFB7-E2C4-4938-8FB2-93446C8C638C}.Release|Any CPU.Build.0 = Release|Any CPU
	EndGlobalSection
	GlobalSection(SolutionProperties) = preSolution
		HideSolutionNode = FALSE
	EndGlobalSection
	GlobalSection(NestedProjects) = preSolution
		{4E4DAFB7-E2C4-4938-8FB2-93446C8C638C} = {DE6A34A0-2AD3-4C71-B5D4-A45393388697}
	EndGlobalSection
	GlobalSection(ExtensibilityGlobals) = postSolution
		SolutionGuid = {0BF5510F-EB2A-4E3D-B808-34EAC3BF9718}
	EndGlobalSection
EndGlobal
